// !$*UTF8*$!
{
	archiveVersion = 1;
	classes = {
	};
	objectVersion = 71;
	objects = {

/* Begin PBXBuildFile section */
		542E18BF2F7AF4FC000FF46B /* ClockerApp.swift in Sources */ = {isa = PBXBuildFile; fileRef = A00200010000000000000001 /* ClockerApp.swift */; };
		542E18C02F7AF4FC000FF46B /* ClockModel.swift in Sources */ = {isa = PBXBuildFile; fileRef = A00200010000000000000002 /* ClockModel.swift */; };
		542E18C12F7AF4FC000FF46B /* MenuBarPopover.swift in Sources */ = {isa = PBXBuildFile; fileRef = A00200010000000000000003 /* MenuBarPopover.swift */; };
		542E18C22F7AF4FC000FF46B /* MainMenuPage.swift in Sources */ = {isa = PBXBuildFile; fileRef = A00200010000000000000004 /* MainMenuPage.swift */; };
		542E18C32F7AF4FC000FF46B /* HistoryPage.swift in Sources */ = {isa = PBXBuildFile; fileRef = A00200010000000000000005 /* HistoryPage.swift */; };
		542E18C42F7AF4FC000FF46B /* MenuRowButtonStyle.swift in Sources */ = {isa = PBXBuildFile; fileRef = A00200010000000000000006 /* MenuRowButtonStyle.swift */; };
		542E18C52F7AF4FC000FF46B /* AppDelegate.swift in Sources */ = {isa = PBXBuildFile; fileRef = A00200010000000000000007 /* AppDelegate.swift */; };
		542E18C62F7AF4FC000FF46B /* Theme.swift in Sources */ = {isa = PBXBuildFile; fileRef = A00200010000000000000008 /* Theme.swift */; };
		542E18C72F7AF4FC000FF46B /* TimeWriter.swift in Sources */ = {isa = PBXBuildFile; fileRef = A00200010000000000000009 /* TimeWriter.swift */; };
		542E18C82F7AF4FC000FF46B /* LoginItemService.swift in Sources */ = {isa = PBXBuildFile; fileRef = A00200010000000000000011 /* LoginItemService.swift */; };
		542E18C92F7AF4FC000FF46B /* Assets.xcassets in Resources */ = {isa = PBXBuildFile; fileRef = A00200010000000000000010 /* Assets.xcassets */; };
		542E18CA2F7AF4FC000FF46B /* ClockProject.swift in Sources */ = {isa = PBXBuildFile; fileRef = A00200010000000000000016 /* ClockProject.swift */; };
		542E18CD2F7AF4FC000FF46B /* Session.swift in Sources */ = {isa = PBXBuildFile; fileRef = A00200010000000000000021 /* Session.swift */; };
		542E18CE2F7AF4FC000FF46B /* Project.swift in Sources */ = {isa = PBXBuildFile; fileRef = A00200010000000000000022 /* Project.swift */; };
		542E18D42F7AF4FC000FF46B /* AppState.swift in Sources */ = {isa = PBXBuildFile; fileRef = A00200010000000000000025 /* AppState.swift */; };
		542E18CF2F7AF4FC000FF46B /* ProjectSessionRepository.swift in Sources */ = {isa = PBXBuildFile; fileRef = A00200010000000000000023 /* ProjectSessionRepository.swift */; };
		542E18D32F7AF4FC000FF46B /* ProjectSessionService.swift in Sources */ = {isa = PBXBuildFile; fileRef = A00200010000000000000024 /* ProjectSessionService.swift */; };
		542E18D52F7AF4FC000FF46B /* AppStateRepository.swift in Sources */ = {isa = PBXBuildFile; fileRef = A00200010000000000000027 /* AppStateRepository.swift */; };
		542E18D62F7AF4FC000FF46B /* AppStateService.swift in Sources */ = {isa = PBXBuildFile; fileRef = A00200010000000000000028 /* AppStateService.swift */; };
		542E18CB2F7AF4FC000FF46B /* ProjectStore.swift in Sources */ = {isa = PBXBuildFile; fileRef = A00200010000000000000017 /* ProjectStore.swift */; };
		542E18CC2F7AF4FC000FF46B /* HistoryRecordStatusStore.swift in Sources */ = {isa = PBXBuildFile; fileRef = A00200010000000000000019 /* HistoryRecordStatusStore.swift */; };
		542E18D02F7AF4FC000FF46B /* ProjectsPage.swift in Sources */ = {isa = PBXBuildFile; fileRef = A00200010000000000000020 /* ProjectsPage.swift */; };
		542E18D12F7AF4FC000FF46B /* AppUpdateService.swift in Sources */ = {isa = PBXBuildFile; fileRef = A00200010000000000000018 /* AppUpdateService.swift */; };
		542E18D22F7AF4FC000FF46B /* AppUpdater in Frameworks */ = {isa = PBXBuildFile; productRef = A00D00010000000000000002 /* AppUpdater */; };
		A00100010000000000000001 /* ClockerApp.swift in Sources */ = {isa = PBXBuildFile; fileRef = A00200010000000000000001 /* ClockerApp.swift */; };
		A00100010000000000000002 /* ClockModel.swift in Sources */ = {isa = PBXBuildFile; fileRef = A00200010000000000000002 /* ClockModel.swift */; };
		A00100010000000000000003 /* MenuBarPopover.swift in Sources */ = {isa = PBXBuildFile; fileRef = A00200010000000000000003 /* MenuBarPopover.swift */; };
		A00100010000000000000004 /* MainMenuPage.swift in Sources */ = {isa = PBXBuildFile; fileRef = A00200010000000000000004 /* MainMenuPage.swift */; };
		A00100010000000000000005 /* HistoryPage.swift in Sources */ = {isa = PBXBuildFile; fileRef = A00200010000000000000005 /* HistoryPage.swift */; };
		A00100010000000000000006 /* MenuRowButtonStyle.swift in Sources */ = {isa = PBXBuildFile; fileRef = A00200010000000000000006 /* MenuRowButtonStyle.swift */; };
		A00100010000000000000007 /* AppDelegate.swift in Sources */ = {isa = PBXBuildFile; fileRef = A00200010000000000000007 /* AppDelegate.swift */; };
		A00100010000000000000008 /* Theme.swift in Sources */ = {isa = PBXBuildFile; fileRef = A00200010000000000000008 /* Theme.swift */; };
		A00100010000000000000009 /* TimeWriter.swift in Sources */ = {isa = PBXBuildFile; fileRef = A00200010000000000000009 /* TimeWriter.swift */; };
		A00100010000000000000010 /* Assets.xcassets in Resources */ = {isa = PBXBuildFile; fileRef = A00200010000000000000010 /* Assets.xcassets */; };
		A00100010000000000000011 /* LoginItemService.swift in Sources */ = {isa = PBXBuildFile; fileRef = A00200010000000000000011 /* LoginItemService.swift */; };
		A00100010000000000000012 /* ClockerTests.swift in Sources */ = {isa = PBXBuildFile; fileRef = A00200010000000000000012 /* ClockerTests.swift */; };
		A00100010000000000000013 /* ClockProject.swift in Sources */ = {isa = PBXBuildFile; fileRef = A00200010000000000000016 /* ClockProject.swift */; };
		A00100010000000000000021 /* Session.swift in Sources */ = {isa = PBXBuildFile; fileRef = A00200010000000000000021 /* Session.swift */; };
		A00100010000000000000022 /* Project.swift in Sources */ = {isa = PBXBuildFile; fileRef = A00200010000000000000022 /* Project.swift */; };
		A00100010000000000000025 /* AppState.swift in Sources */ = {isa = PBXBuildFile; fileRef = A00200010000000000000025 /* AppState.swift */; };
		A00100010000000000000023 /* ProjectSessionRepository.swift in Sources */ = {isa = PBXBuildFile; fileRef = A00200010000000000000023 /* ProjectSessionRepository.swift */; };
		A00100010000000000000024 /* ProjectSessionService.swift in Sources */ = {isa = PBXBuildFile; fileRef = A00200010000000000000024 /* ProjectSessionService.swift */; };
		A00100010000000000000027 /* AppStateRepository.swift in Sources */ = {isa = PBXBuildFile; fileRef = A00200010000000000000027 /* AppStateRepository.swift */; };
		A00100010000000000000028 /* AppStateService.swift in Sources */ = {isa = PBXBuildFile; fileRef = A00200010000000000000028 /* AppStateService.swift */; };
		A00100010000000000000014 /* ProjectStore.swift in Sources */ = {isa = PBXBuildFile; fileRef = A00200010000000000000017 /* ProjectStore.swift */; };
		A00100010000000000000015 /* AppUpdateService.swift in Sources */ = {isa = PBXBuildFile; fileRef = A00200010000000000000018 /* AppUpdateService.swift */; };
		A00100010000000000000016 /* AppUpdater in Frameworks */ = {isa = PBXBuildFile; productRef = A00D00010000000000000002 /* AppUpdater */; };
		A00100010000000000000017 /* HistoryRecordStatusStore.swift in Sources */ = {isa = PBXBuildFile; fileRef = A00200010000000000000019 /* HistoryRecordStatusStore.swift */; };
		A00100010000000000000020 /* ProjectsPage.swift in Sources */ = {isa = PBXBuildFile; fileRef = A00200010000000000000020 /* ProjectsPage.swift */; };
/* End PBXBuildFile section */

/* Begin PBXContainerItemProxy section */
		A00F00010000000000000001 /* PBXContainerItemProxy */ = {
			isa = PBXContainerItemProxy;
			containerPortal = A00400010000000000000001 /* Project object */;
			proxyType = 1;
			remoteGlobalIDString = A00500010000000000000001;
			remoteInfo = Clocker;
		};
/* End PBXContainerItemProxy section */

/* Begin PBXFileReference section */
		A00200010000000000000001 /* ClockerApp.swift */ = {isa = PBXFileReference; lastKnownFileType = sourcecode.swift; path = ClockerApp.swift; sourceTree = "<group>"; };
		A00200010000000000000002 /* ClockModel.swift */ = {isa = PBXFileReference; lastKnownFileType = sourcecode.swift; path = ClockModel.swift; sourceTree = "<group>"; };
		A00200010000000000000003 /* MenuBarPopover.swift */ = {isa = PBXFileReference; lastKnownFileType = sourcecode.swift; path = MenuBarPopover.swift; sourceTree = "<group>"; };
		A00200010000000000000004 /* MainMenuPage.swift */ = {isa = PBXFileReference; lastKnownFileType = sourcecode.swift; path = MainMenuPage.swift; sourceTree = "<group>"; };
		A00200010000000000000005 /* HistoryPage.swift */ = {isa = PBXFileReference; lastKnownFileType = sourcecode.swift; path = HistoryPage.swift; sourceTree = "<group>"; };
		A00200010000000000000006 /* MenuRowButtonStyle.swift */ = {isa = PBXFileReference; lastKnownFileType = sourcecode.swift; path = MenuRowButtonStyle.swift; sourceTree = "<group>"; };
		A00200010000000000000007 /* AppDelegate.swift */ = {isa = PBXFileReference; lastKnownFileType = sourcecode.swift; path = AppDelegate.swift; sourceTree = "<group>"; };
		A00200010000000000000008 /* Theme.swift */ = {isa = PBXFileReference; lastKnownFileType = sourcecode.swift; path = Theme.swift; sourceTree = "<group>"; };
		A00200010000000000000009 /* TimeWriter.swift */ = {isa = PBXFileReference; lastKnownFileType = sourcecode.swift; path = TimeWriter.swift; sourceTree = "<group>"; };
		A00200010000000000000010 /* Assets.xcassets */ = {isa = PBXFileReference; lastKnownFileType = folder.assetcatalog; path = Assets.xcassets; sourceTree = "<group>"; };
		A00200010000000000000011 /* LoginItemService.swift */ = {isa = PBXFileReference; lastKnownFileType = sourcecode.swift; path = LoginItemService.swift; sourceTree = "<group>"; };
		A00200010000000000000012 /* ClockerTests.swift */ = {isa = PBXFileReference; lastKnownFileType = sourcecode.swift; path = ClockerTests.swift; sourceTree = "<group>"; };
		A00200010000000000000013 /* Clocker.app */ = {isa = PBXFileReference; explicitFileType = wrapper.application; includeInIndex = 0; path = Clocker.app; sourceTree = BUILT_PRODUCTS_DIR; };
		A00200010000000000000014 /* ClockerTests.xctest */ = {isa = PBXFileReference; explicitFileType = wrapper.cfbundle; includeInIndex = 0; path = ClockerTests.xctest; sourceTree = BUILT_PRODUCTS_DIR; };
		A00200010000000000000015 /* ClockerDev.app */ = {isa = PBXFileReference; explicitFileType = wrapper.application; includeInIndex = 0; path = ClockerDev.app; sourceTree = BUILT_PRODUCTS_DIR; };
		A00200010000000000000016 /* ClockProject.swift */ = {isa = PBXFileReference; lastKnownFileType = sourcecode.swift; path = ClockProject.swift; sourceTree = "<group>"; };
		A00200010000000000000021 /* Session.swift */ = {isa = PBXFileReference; lastKnownFileType = sourcecode.swift; path = Session.swift; sourceTree = "<group>"; };
		A00200010000000000000022 /* Project.swift */ = {isa = PBXFileReference; lastKnownFileType = sourcecode.swift; path = Project.swift; sourceTree = "<group>"; };
		A00200010000000000000025 /* AppState.swift */ = {isa = PBXFileReference; lastKnownFileType = sourcecode.swift; path = AppState.swift; sourceTree = "<group>"; };
		A00200010000000000000023 /* ProjectSessionRepository.swift */ = {isa = PBXFileReference; lastKnownFileType = sourcecode.swift; path = ProjectSessionRepository.swift; sourceTree = "<group>"; };
		A00200010000000000000024 /* ProjectSessionService.swift */ = {isa = PBXFileReference; lastKnownFileType = sourcecode.swift; path = ProjectSessionService.swift; sourceTree = "<group>"; };
		A00200010000000000000027 /* AppStateRepository.swift */ = {isa = PBXFileReference; lastKnownFileType = sourcecode.swift; path = AppStateRepository.swift; sourceTree = "<group>"; };
		A00200010000000000000028 /* AppStateService.swift */ = {isa = PBXFileReference; lastKnownFileType = sourcecode.swift; path = AppStateService.swift; sourceTree = "<group>"; };
		A00200010000000000000017 /* ProjectStore.swift */ = {isa = PBXFileReference; lastKnownFileType = sourcecode.swift; path = ProjectStore.swift; sourceTree = "<group>"; };
		A00200010000000000000018 /* AppUpdateService.swift */ = {isa = PBXFileReference; lastKnownFileType = sourcecode.swift; path = AppUpdateService.swift; sourceTree = "<group>"; };
		A00200010000000000000019 /* HistoryRecordStatusStore.swift */ = {isa = PBXFileReference; lastKnownFileType = sourcecode.swift; path = HistoryRecordStatusStore.swift; sourceTree = "<group>"; };
		A00200010000000000000020 /* ProjectsPage.swift */ = {isa = PBXFileReference; lastKnownFileType = sourcecode.swift; path = ProjectsPage.swift; sourceTree = "<group>"; };
/* End PBXFileReference section */

/* Begin PBXFrameworksBuildPhase section */
		A00600010000000000000001 /* Frameworks */ = {
			isa = PBXFrameworksBuildPhase;
			buildActionMask = 2147483647;
			files = (
				A00100010000000000000016 /* AppUpdater in Frameworks */,
			);
			runOnlyForDeploymentPostprocessing = 0;
		};
		A00600010000000000000002 /* Frameworks */ = {
			isa = PBXFrameworksBuildPhase;
			buildActionMask = 2147483647;
			files = (
				542E18D22F7AF4FC000FF46B /* AppUpdater in Frameworks */,
			);
			runOnlyForDeploymentPostprocessing = 0;
		};
/* End PBXFrameworksBuildPhase section */

/* Begin PBXGroup section */
		A00700010000000000000001 = {
			isa = PBXGroup;
			children = (
				A00700010000000000000002 /* Clocker */,
				A00700010000000000000009 /* ClockerTests */,
				A00700010000000000000008 /* Products */,
			);
			sourceTree = "<group>";
		};
		A00700010000000000000002 /* Clocker */ = {
			isa = PBXGroup;
			children = (
				A00200010000000000000010 /* Assets.xcassets */,
				A00200010000000000000001 /* ClockerApp.swift */,
				A00700010000000000000003 /* Models */,
				A00700010000000000000007 /* Repository */,
				A00700010000000000000006 /* Services */,
				A00700010000000000000005 /* Support */,
				A00700010000000000000004 /* UI */,
			);
			path = Clocker;
			sourceTree = "<group>";
		};
		A00700010000000000000003 /* Models */ = {
			isa = PBXGroup;
			children = (
				A00200010000000000000016 /* ClockProject.swift */,
				A00200010000000000000025 /* AppState.swift */,
				A00200010000000000000022 /* Project.swift */,
				A00200010000000000000021 /* Session.swift */,
				A00200010000000000000002 /* ClockModel.swift */,
			);
			path = Models;
			sourceTree = "<group>";
		};
		A00700010000000000000007 /* Repository */ = {
			isa = PBXGroup;
			children = (
				A00200010000000000000027 /* AppStateRepository.swift */,
				A00200010000000000000023 /* ProjectSessionRepository.swift */,
			);
			path = Repository;
			sourceTree = "<group>";
		};
		A00700010000000000000004 /* UI */ = {
			isa = PBXGroup;
			children = (
				A00200010000000000000003 /* MenuBarPopover.swift */,
				A00200010000000000000004 /* MainMenuPage.swift */,
				A00200010000000000000005 /* HistoryPage.swift */,
				A00200010000000000000020 /* ProjectsPage.swift */,
				A00200010000000000000006 /* MenuRowButtonStyle.swift */,
				A00200010000000000000008 /* Theme.swift */,
			);
			path = UI;
			sourceTree = "<group>";
		};
		A00700010000000000000005 /* Support */ = {
			isa = PBXGroup;
			children = (
				A00200010000000000000007 /* AppDelegate.swift */,
			);
			path = Support;
			sourceTree = "<group>";
		};
		A00700010000000000000006 /* Services */ = {
			isa = PBXGroup;
			children = (
				A00200010000000000000017 /* ProjectStore.swift */,
				A00200010000000000000028 /* AppStateService.swift */,
				A00200010000000000000024 /* ProjectSessionService.swift */,
				A00200010000000000000009 /* TimeWriter.swift */,
				A00200010000000000000019 /* HistoryRecordStatusStore.swift */,
				A00200010000000000000011 /* LoginItemService.swift */,
				A00200010000000000000018 /* AppUpdateService.swift */,
			);
			path = Services;
			sourceTree = "<group>";
		};
		A00700010000000000000008 /* Products */ = {
			isa = PBXGroup;
			children = (
				A00200010000000000000013 /* Clocker.app */,
				A00200010000000000000015 /* ClockerDev.app */,
				A00200010000000000000014 /* ClockerTests.xctest */,
			);
			name = Products;
			sourceTree = "<group>";
		};
		A00700010000000000000009 /* ClockerTests */ = {
			isa = PBXGroup;
			children = (
				A00200010000000000000012 /* ClockerTests.swift */,
			);
			path = ClockerTests;
			sourceTree = "<group>";
		};
/* End PBXGroup section */

/* Begin PBXNativeTarget section */
		A00500010000000000000001 /* Clocker */ = {
			isa = PBXNativeTarget;
			buildConfigurationList = A00B00010000000000000001 /* Build configuration list for PBXNativeTarget "Clocker" */;
			buildPhases = (
				A00800010000000000000001 /* Sources */,
				A00600010000000000000001 /* Frameworks */,
				A00900010000000000000001 /* Resources */,
			);
			buildRules = (
			);
			dependencies = (
			);
			name = Clocker;
			packageProductDependencies = (
				A00D00010000000000000002 /* AppUpdater */,
			);
			productName = Clocker;
			productReference = A00200010000000000000013 /* Clocker.app */;
			productType = "com.apple.product-type.application";
		};
		A00500010000000000000002 /* ClockerTests */ = {
			isa = PBXNativeTarget;
			buildConfigurationList = A00B00010000000000000002 /* Build configuration list for PBXNativeTarget "ClockerTests" */;
			buildPhases = (
				A00900010000000000000002 /* Sources */,
				A00600010000000000000002 /* Frameworks */,
			);
			buildRules = (
			);
			dependencies = (
				A00E00010000000000000001 /* PBXTargetDependency */,
			);
			name = ClockerTests;
			productName = ClockerTests;
			productReference = A00200010000000000000014 /* ClockerTests.xctest */;
			productType = "com.apple.product-type.bundle.unit-test";
		};
		A00500010000000000000003 /* ClockerDev */ = {
			isa = PBXNativeTarget;
			buildConfigurationList = A00B00010000000000000004 /* Build configuration list for PBXNativeTarget "ClockerDev" */;
			buildPhases = (
				A00800010000000000000003 /* Sources */,
				A00600010000000000000002 /* Frameworks */,
				A00900010000000000000003 /* Resources */,
			);
			buildRules = (
			);
			dependencies = (
			);
			name = ClockerDev;
			packageProductDependencies = (
				A00D00010000000000000002 /* AppUpdater */,
			);
			productName = ClockerDev;
			productReference = A00200010000000000000015 /* ClockerDev.app */;
			productType = "com.apple.product-type.application";
		};
/* End PBXNativeTarget section */

/* Begin PBXProject section */
		A00400010000000000000001 /* Project object */ = {
			isa = PBXProject;
			attributes = {
				BuildIndependentTargetsInParallel = 1;
				LastSwiftUpdateCheck = 2600;
				LastUpgradeCheck = 2600;
				TargetAttributes = {
					A00500010000000000000001 = {
						CreatedOnToolsVersion = 26.0.1;
					};
					A00500010000000000000002 = {
						CreatedOnToolsVersion = 26.0.1;
						TestTargetID = A00500010000000000000001;
					};
					A00500010000000000000003 = {
						CreatedOnToolsVersion = 26.0.1;
					};
				};
			};
			buildConfigurationList = A00B00010000000000000003 /* Build configuration list for PBXProject "Clocker" */;
			compatibilityVersion = "Xcode 16.0";
			developmentRegion = en;
			hasScannedForEncodings = 0;
			knownRegions = (
				en,
				Base,
			);
			mainGroup = A00700010000000000000001;
			minimizedProjectReferenceProxies = 1;
			packageReferences = (
				A00D00010000000000000001 /* XCRemoteSwiftPackageReference "AppUpdater" */,
			);
			productRefGroup = A00700010000000000000008 /* Products */;
			projectDirPath = "";
			projectRoot = "";
			targets = (
				A00500010000000000000001 /* Clocker */,
				A00500010000000000000003 /* ClockerDev */,
				A00500010000000000000002 /* ClockerTests */,
			);
		};
/* End PBXProject section */

/* Begin PBXResourcesBuildPhase section */
		A00900010000000000000001 /* Resources */ = {
			isa = PBXResourcesBuildPhase;
			buildActionMask = 2147483647;
			files = (
				A00100010000000000000010 /* Assets.xcassets in Resources */,
			);
			runOnlyForDeploymentPostprocessing = 0;
		};
		A00900010000000000000003 /* Resources */ = {
			isa = PBXResourcesBuildPhase;
			buildActionMask = 2147483647;
			files = (
				542E18C92F7AF4FC000FF46B /* Assets.xcassets in Resources */,
			);
			runOnlyForDeploymentPostprocessing = 0;
		};
/* End PBXResourcesBuildPhase section */

/* Begin PBXSourcesBuildPhase section */
		A00800010000000000000001 /* Sources */ = {
			isa = PBXSourcesBuildPhase;
			buildActionMask = 2147483647;
			files = (
				A00100010000000000000001 /* ClockerApp.swift in Sources */,
				A00100010000000000000002 /* ClockModel.swift in Sources */,
				A00100010000000000000003 /* MenuBarPopover.swift in Sources */,
				A00100010000000000000004 /* MainMenuPage.swift in Sources */,
				A00100010000000000000005 /* HistoryPage.swift in Sources */,
				A00100010000000000000020 /* ProjectsPage.swift in Sources */,
				A00100010000000000000006 /* MenuRowButtonStyle.swift in Sources */,
				A00100010000000000000007 /* AppDelegate.swift in Sources */,
				A00100010000000000000008 /* Theme.swift in Sources */,
				A00100010000000000000009 /* TimeWriter.swift in Sources */,
				A00100010000000000000011 /* LoginItemService.swift in Sources */,
				A00100010000000000000015 /* AppUpdateService.swift in Sources */,
				A00100010000000000000013 /* ClockProject.swift in Sources */,
				A00100010000000000000025 /* AppState.swift in Sources */,
				A00100010000000000000022 /* Project.swift in Sources */,
				A00100010000000000000021 /* Session.swift in Sources */,
				A00100010000000000000023 /* ProjectSessionRepository.swift in Sources */,
				A00100010000000000000024 /* ProjectSessionService.swift in Sources */,
				A00100010000000000000027 /* AppStateRepository.swift in Sources */,
				A00100010000000000000028 /* AppStateService.swift in Sources */,
				A00100010000000000000014 /* ProjectStore.swift in Sources */,
				A00100010000000000000017 /* HistoryRecordStatusStore.swift in Sources */,
			);
			runOnlyForDeploymentPostprocessing = 0;
		};
		A00800010000000000000003 /* Sources */ = {
			isa = PBXSourcesBuildPhase;
			buildActionMask = 2147483647;
			files = (
				542E18BF2F7AF4FC000FF46B /* ClockerApp.swift in Sources */,
				542E18C02F7AF4FC000FF46B /* ClockModel.swift in Sources */,
				542E18C12F7AF4FC000FF46B /* MenuBarPopover.swift in Sources */,
				542E18C22F7AF4FC000FF46B /* MainMenuPage.swift in Sources */,
				542E18C32F7AF4FC000FF46B /* HistoryPage.swift in Sources */,
				542E18D02F7AF4FC000FF46B /* ProjectsPage.swift in Sources */,
				542E18C42F7AF4FC000FF46B /* MenuRowButtonStyle.swift in Sources */,
				542E18C52F7AF4FC000FF46B /* AppDelegate.swift in Sources */,
				542E18C62F7AF4FC000FF46B /* Theme.swift in Sources */,
				542E18C72F7AF4FC000FF46B /* TimeWriter.swift in Sources */,
				542E18C82F7AF4FC000FF46B /* LoginItemService.swift in Sources */,
				542E18D12F7AF4FC000FF46B /* AppUpdateService.swift in Sources */,
				542E18CA2F7AF4FC000FF46B /* ClockProject.swift in Sources */,
				542E18D42F7AF4FC000FF46B /* AppState.swift in Sources */,
				542E18CE2F7AF4FC000FF46B /* Project.swift in Sources */,
				542E18CD2F7AF4FC000FF46B /* Session.swift in Sources */,
				542E18CF2F7AF4FC000FF46B /* ProjectSessionRepository.swift in Sources */,
				542E18D32F7AF4FC000FF46B /* ProjectSessionService.swift in Sources */,
				542E18D52F7AF4FC000FF46B /* AppStateRepository.swift in Sources */,
				542E18D62F7AF4FC000FF46B /* AppStateService.swift in Sources */,
				542E18CB2F7AF4FC000FF46B /* ProjectStore.swift in Sources */,
				542E18CC2F7AF4FC000FF46B /* HistoryRecordStatusStore.swift in Sources */,
			);
			runOnlyForDeploymentPostprocessing = 0;
		};
		A00900010000000000000002 /* Sources */ = {
			isa = PBXSourcesBuildPhase;
			buildActionMask = 2147483647;
			files = (
				A00100010000000000000012 /* ClockerTests.swift in Sources */,
			);
			runOnlyForDeploymentPostprocessing = 0;
		};
/* End PBXSourcesBuildPhase section */

/* Begin PBXTargetDependency section */
		A00E00010000000000000001 /* PBXTargetDependency */ = {
			isa = PBXTargetDependency;
			target = A00500010000000000000001 /* Clocker */;
			targetProxy = A00F00010000000000000001 /* PBXContainerItemProxy */;
		};
/* End PBXTargetDependency section */

/* Begin XCBuildConfiguration section */
		A00C00010000000000000001 /* Debug */ = {
			isa = XCBuildConfiguration;
			buildSettings = {
				ALWAYS_SEARCH_USER_PATHS = NO;
				CLANG_ENABLE_MODULES = YES;
				CLANG_ENABLE_OBJC_ARC = YES;
				COPY_PHASE_STRIP = NO;
				DEBUG_INFORMATION_FORMAT = dwarf;
				ENABLE_STRICT_OBJC_MSGSEND = YES;
				GCC_C_LANGUAGE_STANDARD = gnu17;
				MACOSX_DEPLOYMENT_TARGET = 14.0;
				SDKROOT = macosx;
				SWIFT_VERSION = 6.0;
			};
			name = Debug;
		};
		A00C00010000000000000002 /* Release */ = {
			isa = XCBuildConfiguration;
			buildSettings = {
				ALWAYS_SEARCH_USER_PATHS = NO;
				CLANG_ENABLE_MODULES = YES;
				CLANG_ENABLE_OBJC_ARC = YES;
				COPY_PHASE_STRIP = NO;
				DEBUG_INFORMATION_FORMAT = "dwarf-with-dsym";
				ENABLE_STRICT_OBJC_MSGSEND = YES;
				GCC_C_LANGUAGE_STANDARD = gnu17;
				MACOSX_DEPLOYMENT_TARGET = 14.0;
				SDKROOT = macosx;
				SWIFT_VERSION = 6.0;
			};
			name = Release;
		};
		A00C00010000000000000003 /* Debug */ = {
			isa = XCBuildConfiguration;
			buildSettings = {
				ASSETCATALOG_COMPILER_APPICON_NAME = AppIcon;
				ASSETCATALOG_COMPILER_GENERATE_SWIFT_ASSET_SYMBOL_EXTENSIONS = YES;
				"CODE_SIGN_IDENTITY[sdk=macosx*]" = "-";
				CODE_SIGN_STYLE = Automatic;
				CURRENT_PROJECT_VERSION = 10;
				DEFINES_MODULE = YES;
				DEVELOPMENT_TEAM = BB3U5ED794;
				ENABLE_TESTABILITY = YES;
				GENERATE_INFOPLIST_FILE = YES;
				INFOPLIST_KEY_CFBundleDisplayName = Clocker;
				INFOPLIST_KEY_LSUIElement = YES;
				LD_RUNPATH_SEARCH_PATHS = (
					"$(inherited)",
					"@executable_path/../Frameworks",
				);
				MACOSX_DEPLOYMENT_TARGET = 14.0;
				MARKETING_VERSION = 1.8.0;
				PRODUCT_BUNDLE_IDENTIFIER = com.example.clocker;
				PRODUCT_NAME = "$(TARGET_NAME)";
				SWIFT_EMIT_LOC_STRINGS = YES;
				SWIFT_VERSION = 6.0;
			};
			name = Debug;
		};
		A00C00010000000000000004 /* Release */ = {
			isa = XCBuildConfiguration;
			buildSettings = {
				ASSETCATALOG_COMPILER_APPICON_NAME = AppIcon;
				ASSETCATALOG_COMPILER_GENERATE_SWIFT_ASSET_SYMBOL_EXTENSIONS = YES;
				"CODE_SIGN_IDENTITY[sdk=macosx*]" = "-";
				CODE_SIGN_STYLE = Automatic;
				CURRENT_PROJECT_VERSION = 10;
				DEFINES_MODULE = YES;
				DEVELOPMENT_TEAM = BB3U5ED794;
				GENERATE_INFOPLIST_FILE = YES;
				INFOPLIST_KEY_CFBundleDisplayName = Clocker;
				INFOPLIST_KEY_LSUIElement = YES;
				LD_RUNPATH_SEARCH_PATHS = (
					"$(inherited)",
					"@executable_path/../Frameworks",
				);
				MACOSX_DEPLOYMENT_TARGET = 14.0;
				MARKETING_VERSION = 1.8.0;
				PRODUCT_BUNDLE_IDENTIFIER = com.example.clocker;
				PRODUCT_NAME = "$(TARGET_NAME)";
				SWIFT_EMIT_LOC_STRINGS = YES;
				SWIFT_VERSION = 6.0;
			};
			name = Release;
		};
		A00C00010000000000000005 /* Debug */ = {
			isa = XCBuildConfiguration;
			buildSettings = {
				ALWAYS_SEARCH_USER_PATHS = NO;
				BUNDLE_LOADER = "$(TEST_HOST)";
				CLANG_ENABLE_MODULES = YES;
				CLANG_ENABLE_OBJC_ARC = YES;
				COPY_PHASE_STRIP = NO;
				DEBUG_INFORMATION_FORMAT = dwarf;
				ENABLE_STRICT_OBJC_MSGSEND = YES;
				GCC_C_LANGUAGE_STANDARD = gnu17;
				GENERATE_INFOPLIST_FILE = YES;
				MACOSX_DEPLOYMENT_TARGET = 14.0;
				PRODUCT_BUNDLE_IDENTIFIER = com.example.ClockerTests;
				PRODUCT_NAME = "$(TARGET_NAME)";
				SWIFT_VERSION = 6.0;
				TEST_HOST = "$(BUILT_PRODUCTS_DIR)/Clocker.app/Contents/MacOS/Clocker";
			};
			name = Debug;
		};
		A00C00010000000000000006 /* Release */ = {
			isa = XCBuildConfiguration;
			buildSettings = {
				ALWAYS_SEARCH_USER_PATHS = NO;
				BUNDLE_LOADER = "$(TEST_HOST)";
				CLANG_ENABLE_MODULES = YES;
				CLANG_ENABLE_OBJC_ARC = YES;
				COPY_PHASE_STRIP = YES;
				DEBUG_INFORMATION_FORMAT = "dwarf-with-dsym";
				ENABLE_STRICT_OBJC_MSGSEND = YES;
				GCC_C_LANGUAGE_STANDARD = gnu17;
				GENERATE_INFOPLIST_FILE = YES;
				MACOSX_DEPLOYMENT_TARGET = 14.0;
				PRODUCT_BUNDLE_IDENTIFIER = com.example.ClockerTests;
				PRODUCT_NAME = "$(TARGET_NAME)";
				SWIFT_VERSION = 6.0;
				TEST_HOST = "$(BUILT_PRODUCTS_DIR)/Clocker.app/Contents/MacOS/Clocker";
			};
			name = Release;
		};
		A00C00010000000000000007 /* Debug */ = {
			isa = XCBuildConfiguration;
			buildSettings = {
				ASSETCATALOG_COMPILER_APPICON_NAME = AppIcon;
				ASSETCATALOG_COMPILER_GENERATE_SWIFT_ASSET_SYMBOL_EXTENSIONS = YES;
				"CODE_SIGN_IDENTITY[sdk=macosx*]" = "-";
				CODE_SIGN_STYLE = Automatic;
				CURRENT_PROJECT_VERSION = 10;
				DEFINES_MODULE = YES;
				DEVELOPMENT_TEAM = BB3U5ED794;
				ENABLE_TESTABILITY = YES;
				GENERATE_INFOPLIST_FILE = YES;
				INFOPLIST_KEY_CFBundleDisplayName = ClockerDev;
				INFOPLIST_KEY_LSUIElement = YES;
				LD_RUNPATH_SEARCH_PATHS = (
					"$(inherited)",
					"@executable_path/../Frameworks",
				);
				MACOSX_DEPLOYMENT_TARGET = 14.0;
				MARKETING_VERSION = 1.8.0;
				PRODUCT_BUNDLE_IDENTIFIER = com.example.clocker.dev;
				PRODUCT_NAME = "$(TARGET_NAME)";
				SWIFT_EMIT_LOC_STRINGS = YES;
				SWIFT_VERSION = 6.0;
			};
			name = Debug;
		};
		A00C00010000000000000008 /* Release */ = {
			isa = XCBuildConfiguration;
			buildSettings = {
				ASSETCATALOG_COMPILER_APPICON_NAME = AppIcon;
				ASSETCATALOG_COMPILER_GENERATE_SWIFT_ASSET_SYMBOL_EXTENSIONS = YES;
				CODE_SIGN_STYLE = Automatic;
				CURRENT_PROJECT_VERSION = 10;
				DEFINES_MODULE = YES;
				DEVELOPMENT_TEAM = BB3U5ED794;
				GENERATE_INFOPLIST_FILE = YES;
				INFOPLIST_KEY_CFBundleDisplayName = ClockerDev;
				INFOPLIST_KEY_LSUIElement = YES;
				LD_RUNPATH_SEARCH_PATHS = (
					"$(inherited)",
					"@executable_path/../Frameworks",
				);
				MACOSX_DEPLOYMENT_TARGET = 14.0;
				MARKETING_VERSION = 1.8.0;
				PRODUCT_BUNDLE_IDENTIFIER = com.example.clocker.dev;
				PRODUCT_NAME = "$(TARGET_NAME)";
				SWIFT_EMIT_LOC_STRINGS = YES;
				SWIFT_VERSION = 6.0;
			};
			name = Release;
		};
/* End XCBuildConfiguration section */

/* Begin XCConfigurationList section */
		A00B00010000000000000001 /* Build configuration list for PBXNativeTarget "Clocker" */ = {
			isa = XCConfigurationList;
			buildConfigurations = (
				A00C00010000000000000003 /* Debug */,
				A00C00010000000000000004 /* Release */,
			);
			defaultConfigurationIsVisible = 0;
			defaultConfigurationName = Release;
		};
		A00B00010000000000000002 /* Build configuration list for PBXNativeTarget "ClockerTests" */ = {
			isa = XCConfigurationList;
			buildConfigurations = (
				A00C00010000000000000005 /* Debug */,
				A00C00010000000000000006 /* Release */,
			);
			defaultConfigurationIsVisible = 0;
			defaultConfigurationName = Release;
		};
		A00B00010000000000000003 /* Build configuration list for PBXProject "Clocker" */ = {
			isa = XCConfigurationList;
			buildConfigurations = (
				A00C00010000000000000001 /* Debug */,
				A00C00010000000000000002 /* Release */,
			);
			defaultConfigurationIsVisible = 0;
			defaultConfigurationName = Release;
		};
		A00B00010000000000000004 /* Build configuration list for PBXNativeTarget "ClockerDev" */ = {
			isa = XCConfigurationList;
			buildConfigurations = (
				A00C00010000000000000007 /* Debug */,
				A00C00010000000000000008 /* Release */,
			);
			defaultConfigurationIsVisible = 0;
			defaultConfigurationName = Release;
		};
/* End XCConfigurationList section */

/* Begin XCRemoteSwiftPackageReference section */
		A00D00010000000000000001 /* XCRemoteSwiftPackageReference "AppUpdater" */ = {
			isa = XCRemoteSwiftPackageReference;
			repositoryURL = "https://github.com/s1ntoneli/AppUpdater.git";
			requirement = {
				kind = upToNextMajorVersion;
				minimumVersion = 0.1.9;
			};
		};
/* End XCRemoteSwiftPackageReference section */

/* Begin XCSwiftPackageProductDependency section */
		A00D00010000000000000002 /* AppUpdater */ = {
			isa = XCSwiftPackageProductDependency;
			package = A00D00010000000000000001 /* XCRemoteSwiftPackageReference "AppUpdater" */;
			productName = AppUpdater;
		};
/* End XCSwiftPackageProductDependency section */
	};
	rootObject = A00400010000000000000001 /* Project object */;
}
