// !$*UTF8*$!
{
	archiveVersion = 1;
	classes = {
	};
	objectVersion = 71;
	objects = {

/* Begin PBXBuildFile section */
		A00100010000000000000001 /* ClockerApp.swift in Sources */ = {isa = PBXBuildFile; fileRef = A00200010000000000000001 /* ClockerApp.swift */; };
		A00100010000000000000002 /* ClockModel.swift in Sources */ = {isa = PBXBuildFile; fileRef = A00200010000000000000002 /* ClockModel.swift */; };
		A00100010000000000000003 /* MenuBarPopover.swift in Sources */ = {isa = PBXBuildFile; fileRef = A00200010000000000000003 /* MenuBarPopover.swift */; };
		A00100010000000000000004 /* MainMenuPage.swift in Sources */ = {isa = PBXBuildFile; fileRef = A00200010000000000000004 /* MainMenuPage.swift */; };
		A00100010000000000000005 /* HistoryPage.swift in Sources */ = {isa = PBXBuildFile; fileRef = A00200010000000000000005 /* HistoryPage.swift */; };
		A00100010000000000000006 /* MenuRowButtonStyle.swift in Sources */ = {isa = PBXBuildFile; fileRef = A00200010000000000000006 /* MenuRowButtonStyle.swift */; };
		A00100010000000000000007 /* AppDelegate.swift in Sources */ = {isa = PBXBuildFile; fileRef = A00200010000000000000007 /* AppDelegate.swift */; };
		A00100010000000000000008 /* Theme.swift in Sources */ = {isa = PBXBuildFile; fileRef = A00200010000000000000008 /* Theme.swift */; };
		A00100010000000000000009 /* TimeWriter.swift in Sources */ = {isa = PBXBuildFile; fileRef = A00200010000000000000009 /* TimeWriter.swift */; };
		A00100010000000000000010 /* Assets.xcassets in Resources */ = {isa = PBXBuildFile; fileRef = A00200010000000000000010 /* Assets.xcassets */; };
		A00100010000000000000011 /* LoginItemService.swift in Sources */ = {isa = PBXBuildFile; fileRef = A00200010000000000000011 /* LoginItemService.swift */; };
/* End PBXBuildFile section */

/* Begin PBXFileReference section */
		A00200010000000000000001 /* ClockerApp.swift */ = {isa = PBXFileReference; lastKnownFileType = sourcecode.swift; path = ClockerApp.swift; sourceTree = "<group>"; };
		A00200010000000000000002 /* ClockModel.swift */ = {isa = PBXFileReference; lastKnownFileType = sourcecode.swift; path = ClockModel.swift; sourceTree = "<group>"; };
		A00200010000000000000003 /* MenuBarPopover.swift */ = {isa = PBXFileReference; lastKnownFileType = sourcecode.swift; path = MenuBarPopover.swift; sourceTree = "<group>"; };
		A00200010000000000000004 /* MainMenuPage.swift */ = {isa = PBXFileReference; lastKnownFileType = sourcecode.swift; path = MainMenuPage.swift; sourceTree = "<group>"; };
		A00200010000000000000005 /* HistoryPage.swift */ = {isa = PBXFileReference; lastKnownFileType = sourcecode.swift; path = HistoryPage.swift; sourceTree = "<group>"; };
		A00200010000000000000006 /* MenuRowButtonStyle.swift */ = {isa = PBXFileReference; lastKnownFileType = sourcecode.swift; path = MenuRowButtonStyle.swift; sourceTree = "<group>"; };
		A00200010000000000000007 /* AppDelegate.swift */ = {isa = PBXFileReference; lastKnownFileType = sourcecode.swift; path = AppDelegate.swift; sourceTree = "<group>"; };
		A00200010000000000000008 /* Theme.swift */ = {isa = PBXFileReference; lastKnownFileType = sourcecode.swift; path = Theme.swift; sourceTree = "<group>"; };
		A00200010000000000000009 /* TimeWriter.swift */ = {isa = PBXFileReference; lastKnownFileType = sourcecode.swift; path = TimeWriter.swift; sourceTree = "<group>"; };
		A00200010000000000000010 /* Assets.xcassets */ = {isa = PBXFileReference; lastKnownFileType = folder.assetcatalog; path = Assets.xcassets; sourceTree = "<group>"; };
		A00200010000000000000011 /* LoginItemService.swift */ = {isa = PBXFileReference; lastKnownFileType = sourcecode.swift; path = LoginItemService.swift; sourceTree = "<group>"; };
		A00200010000000000000013 /* Clocker.app */ = {isa = PBXFileReference; explicitFileType = wrapper.application; includeInIndex = 0; path = Clocker.app; sourceTree = BUILT_PRODUCTS_DIR; };
/* End PBXFileReference section */

/* Begin PBXFrameworksBuildPhase section */
		A00600010000000000000001 /* Frameworks */ = {
			isa = PBXFrameworksBuildPhase;
			buildActionMask = 2147483647;
			files = (
			);
			runOnlyForDeploymentPostprocessing = 0;
		};
/* End PBXFrameworksBuildPhase section */

/* Begin PBXGroup section */
		A00700010000000000000001 = {
			isa = PBXGroup;
			children = (
				A00700010000000000000002 /* Clocker */,
				A00700010000000000000008 /* Products */,
			);
			sourceTree = "<group>";
		};
		A00700010000000000000002 /* Clocker */ = {
			isa = PBXGroup;
			children = (
				A00200010000000000000010 /* Assets.xcassets */,
				A00200010000000000000001 /* ClockerApp.swift */,
				A00700010000000000000003 /* Models */,
				A00700010000000000000006 /* Services */,
				A00700010000000000000005 /* Support */,
				A00700010000000000000004 /* UI */,
			);
			path = Clocker;
			sourceTree = "<group>";
		};
		A00700010000000000000003 /* Models */ = {
			isa = PBXGroup;
			children = (
				A00200010000000000000002 /* ClockModel.swift */,
			);
			path = Models;
			sourceTree = "<group>";
		};
		A00700010000000000000006 /* Services */ = {
			isa = PBXGroup;
			children = (
				A00200010000000000000009 /* TimeWriter.swift */,
				A00200010000000000000011 /* LoginItemService.swift */,
			);
			path = Services;
			sourceTree = "<group>";
		};
		A00700010000000000000005 /* Support */ = {
			isa = PBXGroup;
			children = (
				A00200010000000000000007 /* AppDelegate.swift */,
			);
			path = Support;
			sourceTree = "<group>";
		};
		A00700010000000000000004 /* UI */ = {
			isa = PBXGroup;
			children = (
				A00200010000000000000003 /* MenuBarPopover.swift */,
				A00200010000000000000004 /* MainMenuPage.swift */,
				A00200010000000000000005 /* HistoryPage.swift */,
				A00200010000000000000006 /* MenuRowButtonStyle.swift */,
				A00200010000000000000008 /* Theme.swift */,
			);
			path = UI;
			sourceTree = "<group>";
		};
		A00700010000000000000008 /* Products */ = {
			isa = PBXGroup;
			children = (
				A00200010000000000000013 /* Clocker.app */,
			);
			name = Products;
			sourceTree = "<group>";
		};
/* End PBXGroup section */

/* Begin PBXNativeTarget section */
		A00500010000000000000001 /* Clocker */ = {
			isa = PBXNativeTarget;
			buildConfigurationList = A00B00010000000000000001 /* Build configuration list for PBXNativeTarget "Clocker" */;
			buildPhases = (
				A00800010000000000000001 /* Sources */,
				A00600010000000000000001 /* Frameworks */,
				A00900010000000000000001 /* Resources */,
			);
			buildRules = (
			);
			dependencies = (
			);
			name = Clocker;
			productName = Clocker;
			productReference = A00200010000000000000013 /* Clocker.app */;
			productType = "com.apple.product-type.application";
		};
/* End PBXNativeTarget section */

/* Begin PBXProject section */
		A00400010000000000000001 /* Project object */ = {
			isa = PBXProject;
			attributes = {
				BuildIndependentTargetsInParallel = 1;
				LastSwiftUpdateCheck = 2600;
				LastUpgradeCheck = 2600;
				TargetAttributes = {
					A00500010000000000000001 = {
						CreatedOnToolsVersion = 26.0.1;
					};
				};
			};
			buildConfigurationList = A00B00010000000000000003 /* Build configuration list for PBXProject "Clocker" */;
			compatibilityVersion = "Xcode 16.0";
			developmentRegion = en;
			hasScannedForEncodings = 0;
			knownRegions = (
				en,
				Base,
			);
			mainGroup = A00700010000000000000001;
			minimizedProjectReferenceProxies = 1;
			productRefGroup = A00700010000000000000008 /* Products */;
			projectDirPath = "";
			projectRoot = "";
			targets = (
				A00500010000000000000001 /* Clocker */,
			);
		};
/* End PBXProject section */

/* Begin PBXResourcesBuildPhase section */
		A00900010000000000000001 /* Resources */ = {
			isa = PBXResourcesBuildPhase;
			buildActionMask = 2147483647;
			files = (
				A00100010000000000000010 /* Assets.xcassets in Resources */,
			);
			runOnlyForDeploymentPostprocessing = 0;
		};
/* End PBXResourcesBuildPhase section */

/* Begin PBXSourcesBuildPhase section */
		A00800010000000000000001 /* Sources */ = {
			isa = PBXSourcesBuildPhase;
			buildActionMask = 2147483647;
			files = (
				A00100010000000000000001 /* ClockerApp.swift in Sources */,
				A00100010000000000000002 /* ClockModel.swift in Sources */,
				A00100010000000000000003 /* MenuBarPopover.swift in Sources */,
				A00100010000000000000004 /* MainMenuPage.swift in Sources */,
				A00100010000000000000005 /* HistoryPage.swift in Sources */,
				A00100010000000000000006 /* MenuRowButtonStyle.swift in Sources */,
				A00100010000000000000007 /* AppDelegate.swift in Sources */,
				A00100010000000000000008 /* Theme.swift in Sources */,
				A00100010000000000000009 /* TimeWriter.swift in Sources */,
				A00100010000000000000011 /* LoginItemService.swift in Sources */,
			);
			runOnlyForDeploymentPostprocessing = 0;
		};
/* End PBXSourcesBuildPhase section */

/* Begin XCBuildConfiguration section */
		A00C00010000000000000001 /* Debug */ = {
			isa = XCBuildConfiguration;
			buildSettings = {
				ALWAYS_SEARCH_USER_PATHS = NO;
				CLANG_ENABLE_MODULES = YES;
				CLANG_ENABLE_OBJC_ARC = YES;
				COPY_PHASE_STRIP = NO;
				DEBUG_INFORMATION_FORMAT = dwarf;
				ENABLE_STRICT_OBJC_MSGSEND = YES;
				GCC_C_LANGUAGE_STANDARD = gnu17;
				MACOSX_DEPLOYMENT_TARGET = 14.0;
				SDKROOT = macosx;
				SWIFT_VERSION = 6.0;
			};
			name = Debug;
		};
		A00C00010000000000000002 /* Release */ = {
			isa = XCBuildConfiguration;
			buildSettings = {
				ALWAYS_SEARCH_USER_PATHS = NO;
				CLANG_ENABLE_MODULES = YES;
				CLANG_ENABLE_OBJC_ARC = YES;
				COPY_PHASE_STRIP = NO;
				DEBUG_INFORMATION_FORMAT = "dwarf-with-dsym";
				ENABLE_STRICT_OBJC_MSGSEND = YES;
				GCC_C_LANGUAGE_STANDARD = gnu17;
				MACOSX_DEPLOYMENT_TARGET = 14.0;
				SDKROOT = macosx;
				SWIFT_VERSION = 6.0;
			};
			name = Release;
		};
		A00C00010000000000000003 /* Debug */ = {
			isa = XCBuildConfiguration;
			buildSettings = {
				ASSETCATALOG_COMPILER_GENERATE_SWIFT_ASSET_SYMBOL_EXTENSIONS = YES;
				CODE_SIGN_STYLE = Automatic;
				DEFINES_MODULE = YES;
				DEVELOPMENT_TEAM = WN2DF2V3R4;
				ENABLE_TESTABILITY = YES;
				GENERATE_INFOPLIST_FILE = YES;
				INFOPLIST_KEY_CFBundleDisplayName = Clocker;
				INFOPLIST_KEY_LSUIElement = YES;
				LD_RUNPATH_SEARCH_PATHS = (
					"$(inherited)",
					"@executable_path/../Frameworks",
				);
				MACOSX_DEPLOYMENT_TARGET = 14.0;
				PRODUCT_BUNDLE_IDENTIFIER = com.example.clocker;
				PRODUCT_NAME = "$(TARGET_NAME)";
				SWIFT_EMIT_LOC_STRINGS = YES;
				SWIFT_VERSION = 6.0;
			};
			name = Debug;
		};
		A00C00010000000000000004 /* Release */ = {
			isa = XCBuildConfiguration;
			buildSettings = {
				ASSETCATALOG_COMPILER_GENERATE_SWIFT_ASSET_SYMBOL_EXTENSIONS = YES;
				CODE_SIGN_STYLE = Automatic;
				DEFINES_MODULE = YES;
				DEVELOPMENT_TEAM = WN2DF2V3R4;
				GENERATE_INFOPLIST_FILE = YES;
				INFOPLIST_KEY_CFBundleDisplayName = Clocker;
				INFOPLIST_KEY_LSUIElement = YES;
				LD_RUNPATH_SEARCH_PATHS = (
					"$(inherited)",
					"@executable_path/../Frameworks",
				);
				MACOSX_DEPLOYMENT_TARGET = 14.0;
				PRODUCT_BUNDLE_IDENTIFIER = com.example.clocker;
				PRODUCT_NAME = "$(TARGET_NAME)";
				SWIFT_EMIT_LOC_STRINGS = YES;
				SWIFT_VERSION = 6.0;
			};
			name = Release;
		};
/* End XCBuildConfiguration section */

/* Begin XCConfigurationList section */
		A00B00010000000000000001 /* Build configuration list for PBXNativeTarget "Clocker" */ = {
			isa = XCConfigurationList;
			buildConfigurations = (
				A00C00010000000000000003 /* Debug */,
				A00C00010000000000000004 /* Release */,
			);
			defaultConfigurationIsVisible = 0;
			defaultConfigurationName = Release;
		};
		A00B00010000000000000003 /* Build configuration list for PBXProject "Clocker" */ = {
			isa = XCConfigurationList;
			buildConfigurations = (
				A00C00010000000000000001 /* Debug */,
				A00C00010000000000000002 /* Release */,
			);
			defaultConfigurationIsVisible = 0;
			defaultConfigurationName = Release;
		};
/* End XCConfigurationList section */
	};
	rootObject = A00400010000000000000001 /* Project object */;
}
